// !$*UTF8*$!
{
	archiveVersion = 1;
	classes = {
	};
	objectVersion = 50;
	objects = {

/* Begin PBXBuildFile section */
		157E1F6528AD2D9B002D3E30 /* AppDelegate.swift in Sources */ = {isa = PBXBuildFile; fileRef = 157E1F6428AD2D9B002D3E30 /* AppDelegate.swift */; };
		157E1F6728AD2D9B002D3E30 /* SceneDelegate.swift in Sources */ = {isa = PBXBuildFile; fileRef = 157E1F6628AD2D9B002D3E30 /* SceneDelegate.swift */; };
		157E1F6928AD2D9B002D3E30 /* ViewController.swift in Sources */ = {isa = PBXBuildFile; fileRef = 157E1F6828AD2D9B002D3E30 /* ViewController.swift */; };
		157E1F6C28AD2D9C002D3E30 /* Main.storyboard in Resources */ = {isa = PBXBuildFile; fileRef = 157E1F6A28AD2D9C002D3E30 /* Main.storyboard */; };
		157E1F6F28AD2D9C002D3E30 /* voiceURvote.xcdatamodeld in Sources */ = {isa = PBXBuildFile; fileRef = 157E1F6D28AD2D9C002D3E30 /* voiceURvote.xcdatamodeld */; };
		157E1F7128AD2DDD002D3E30 /* Assets.xcassets in Resources */ = {isa = PBXBuildFile; fileRef = 157E1F7028AD2DDD002D3E30 /* Assets.xcassets */; };
		157E1F7428AD2DDD002D3E30 /* LaunchScreen.storyboard in Resources */ = {isa = PBXBuildFile; fileRef = 157E1F7228AD2DDD002D3E30 /* LaunchScreen.storyboard */; };
		BA8311D028AD7F5000B74B82 /* RegisterNowViewController.swift in Sources */ = {isa = PBXBuildFile; fileRef = BA8311CF28AD7F5000B74B82 /* RegisterNowViewController.swift */; };
		BA8311D228AD7F6A00B74B82 /* HowToVoteViewController.swift in Sources */ = {isa = PBXBuildFile; fileRef = BA8311D128AD7F6A00B74B82 /* HowToVoteViewController.swift */; };
		BA8311D428AD7F8100B74B82 /* UpcomingElectionsViewController.swift in Sources */ = {isa = PBXBuildFile; fileRef = BA8311D328AD7F8100B74B82 /* UpcomingElectionsViewController.swift */; };
		BA8311D628ADCFDB00B74B82 /* RegistrationRequirementsViewController.swift in Sources */ = {isa = PBXBuildFile; fileRef = BA8311D528ADCFDB00B74B82 /* RegistrationRequirementsViewController.swift */; };
		BACF96DC28AE88B10056617F /* InPersonVotingViewController.swift in Sources */ = {isa = PBXBuildFile; fileRef = BACF96DB28AE88B10056617F /* InPersonVotingViewController.swift */; };
		BACF96DE28AE88B90056617F /* AbsenteeVotingViewController.swift in Sources */ = {isa = PBXBuildFile; fileRef = BACF96DD28AE88B90056617F /* AbsenteeVotingViewController.swift */; };
		BAD22D1028AD3B0E00F6CD68 /* FirstLaunchViewController.swift in Sources */ = {isa = PBXBuildFile; fileRef = BAD22D0F28AD3B0E00F6CD68 /* FirstLaunchViewController.swift */; };
/* End PBXBuildFile section */

/* Begin PBXFileReference section */
		157E1F6128AD2D9B002D3E30 /* voiceURvote.app */ = {isa = PBXFileReference; explicitFileType = wrapper.application; includeInIndex = 0; path = voiceURvote.app; sourceTree = BUILT_PRODUCTS_DIR; };
		157E1F6428AD2D9B002D3E30 /* AppDelegate.swift */ = {isa = PBXFileReference; lastKnownFileType = sourcecode.swift; path = AppDelegate.swift; sourceTree = "<group>"; };
		157E1F6628AD2D9B002D3E30 /* SceneDelegate.swift */ = {isa = PBXFileReference; lastKnownFileType = sourcecode.swift; path = SceneDelegate.swift; sourceTree = "<group>"; };
		157E1F6828AD2D9B002D3E30 /* ViewController.swift */ = {isa = PBXFileReference; lastKnownFileType = sourcecode.swift; path = ViewController.swift; sourceTree = "<group>"; };
		157E1F6B28AD2D9C002D3E30 /* Base */ = {isa = PBXFileReference; lastKnownFileType = file.storyboard; name = Base; path = Base.lproj/Main.storyboard; sourceTree = "<group>"; };
		157E1F6E28AD2D9C002D3E30 /* voiceURvote.xcdatamodel */ = {isa = PBXFileReference; lastKnownFileType = wrapper.xcdatamodel; path = voiceURvote.xcdatamodel; sourceTree = "<group>"; };
		157E1F7028AD2DDD002D3E30 /* Assets.xcassets */ = {isa = PBXFileReference; lastKnownFileType = folder.assetcatalog; path = Assets.xcassets; sourceTree = "<group>"; };
		157E1F7328AD2DDD002D3E30 /* Base */ = {isa = PBXFileReference; lastKnownFileType = file.storyboard; name = Base; path = Base.lproj/LaunchScreen.storyboard; sourceTree = "<group>"; };
		157E1F7528AD2DDD002D3E30 /* Info.plist */ = {isa = PBXFileReference; lastKnownFileType = text.plist.xml; path = Info.plist; sourceTree = "<group>"; };
		BA8311CF28AD7F5000B74B82 /* RegisterNowViewController.swift */ = {isa = PBXFileReference; lastKnownFileType = sourcecode.swift; path = RegisterNowViewController.swift; sourceTree = "<group>"; };
		BA8311D128AD7F6A00B74B82 /* HowToVoteViewController.swift */ = {isa = PBXFileReference; lastKnownFileType = sourcecode.swift; path = HowToVoteViewController.swift; sourceTree = "<group>"; };
		BA8311D328AD7F8100B74B82 /* UpcomingElectionsViewController.swift */ = {isa = PBXFileReference; lastKnownFileType = sourcecode.swift; path = UpcomingElectionsViewController.swift; sourceTree = "<group>"; };
		BA8311D528ADCFDB00B74B82 /* RegistrationRequirementsViewController.swift */ = {isa = PBXFileReference; lastKnownFileType = sourcecode.swift; path = RegistrationRequirementsViewController.swift; sourceTree = "<group>"; };
		BACF96DB28AE88B10056617F /* InPersonVotingViewController.swift */ = {isa = PBXFileReference; lastKnownFileType = sourcecode.swift; path = InPersonVotingViewController.swift; sourceTree = "<group>"; };
		BACF96DD28AE88B90056617F /* AbsenteeVotingViewController.swift */ = {isa = PBXFileReference; lastKnownFileType = sourcecode.swift; path = AbsenteeVotingViewController.swift; sourceTree = "<group>"; };
		BAD22D0F28AD3B0E00F6CD68 /* FirstLaunchViewController.swift */ = {isa = PBXFileReference; lastKnownFileType = sourcecode.swift; path = FirstLaunchViewController.swift; sourceTree = "<group>"; };
/* End PBXFileReference section */

/* Begin PBXFrameworksBuildPhase section */
		157E1F5E28AD2D9B002D3E30 /* Frameworks */ = {
			isa = PBXFrameworksBuildPhase;
			buildActionMask = 2147483647;
			files = (
			);
			runOnlyForDeploymentPostprocessing = 0;
		};
/* End PBXFrameworksBuildPhase section */

/* Begin PBXGroup section */
		157E1F5828AD2D99002D3E30 = {
			isa = PBXGroup;
			children = (
				157E1F6328AD2D9B002D3E30 /* voiceURvote */,
				157E1F6228AD2D9B002D3E30 /* Products */,
			);
			sourceTree = "<group>";
		};
		157E1F6228AD2D9B002D3E30 /* Products */ = {
			isa = PBXGroup;
			children = (
				157E1F6128AD2D9B002D3E30 /* voiceURvote.app */,
			);
			name = Products;
			sourceTree = "<group>";
		};
		157E1F6328AD2D9B002D3E30 /* voiceURvote */ = {
			isa = PBXGroup;
			children = (
				157E1F6428AD2D9B002D3E30 /* AppDelegate.swift */,
				157E1F6628AD2D9B002D3E30 /* SceneDelegate.swift */,
				157E1F6828AD2D9B002D3E30 /* ViewController.swift */,
				BAD22D0F28AD3B0E00F6CD68 /* FirstLaunchViewController.swift */,
				157E1F6A28AD2D9C002D3E30 /* Main.storyboard */,
				BACF96DB28AE88B10056617F /* InPersonVotingViewController.swift */,
				BACF96DD28AE88B90056617F /* AbsenteeVotingViewController.swift */,
				BA8311D528ADCFDB00B74B82 /* RegistrationRequirementsViewController.swift */,
				BA8311D328AD7F8100B74B82 /* UpcomingElectionsViewController.swift */,
				BA8311D128AD7F6A00B74B82 /* HowToVoteViewController.swift */,
				BA8311CF28AD7F5000B74B82 /* RegisterNowViewController.swift */,
				157E1F7028AD2DDD002D3E30 /* Assets.xcassets */,
				157E1F7228AD2DDD002D3E30 /* LaunchScreen.storyboard */,
				157E1F7528AD2DDD002D3E30 /* Info.plist */,
				157E1F6D28AD2D9C002D3E30 /* voiceURvote.xcdatamodeld */,
			);
			path = voiceURvote;
			sourceTree = "<group>";
		};
/* End PBXGroup section */

/* Begin PBXNativeTarget section */
		157E1F6028AD2D9B002D3E30 /* voiceURvote */ = {
			isa = PBXNativeTarget;
			buildConfigurationList = 157E1F7828AD2DDD002D3E30 /* Build configuration list for PBXNativeTarget "voiceURvote" */;
			buildPhases = (
				157E1F5D28AD2D9B002D3E30 /* Sources */,
				157E1F5E28AD2D9B002D3E30 /* Frameworks */,
				157E1F5F28AD2D9B002D3E30 /* Resources */,
			);
			buildRules = (
			);
			dependencies = (
			);
			name = voiceURvote;
			productName = voiceURvote;
			productReference = 157E1F6128AD2D9B002D3E30 /* voiceURvote.app */;
			productType = "com.apple.product-type.application";
		};
/* End PBXNativeTarget section */

/* Begin PBXProject section */
		157E1F5928AD2D99002D3E30 /* Project object */ = {
			isa = PBXProject;
			attributes = {
				LastSwiftUpdateCheck = 1240;
				LastUpgradeCheck = 1240;
				TargetAttributes = {
					157E1F6028AD2D9B002D3E30 = {
						CreatedOnToolsVersion = 12.4;
					};
				};
			};
			buildConfigurationList = 157E1F5C28AD2D9B002D3E30 /* Build configuration list for PBXProject "voiceURvote" */;
			compatibilityVersion = "Xcode 9.3";
			developmentRegion = en;
			hasScannedForEncodings = 0;
			knownRegions = (
				en,
				Base,
			);
			mainGroup = 157E1F5828AD2D99002D3E30;
			productRefGroup = 157E1F6228AD2D9B002D3E30 /* Products */;
			projectDirPath = "";
			projectRoot = "";
			targets = (
				157E1F6028AD2D9B002D3E30 /* voiceURvote */,
			);
		};
/* End PBXProject section */

/* Begin PBXResourcesBuildPhase section */
		157E1F5F28AD2D9B002D3E30 /* Resources */ = {
			isa = PBXResourcesBuildPhase;
			buildActionMask = 2147483647;
			files = (
				157E1F7428AD2DDD002D3E30 /* LaunchScreen.storyboard in Resources */,
				157E1F7128AD2DDD002D3E30 /* Assets.xcassets in Resources */,
				157E1F6C28AD2D9C002D3E30 /* Main.storyboard in Resources */,
			);
			runOnlyForDeploymentPostprocessing = 0;
		};
/* End PBXResourcesBuildPhase section */

/* Begin PBXSourcesBuildPhase section */
		157E1F5D28AD2D9B002D3E30 /* Sources */ = {
			isa = PBXSourcesBuildPhase;
			buildActionMask = 2147483647;
			files = (
				157E1F6928AD2D9B002D3E30 /* ViewController.swift in Sources */,
				BACF96DC28AE88B10056617F /* InPersonVotingViewController.swift in Sources */,
				BAD22D1028AD3B0E00F6CD68 /* FirstLaunchViewController.swift in Sources */,
				BACF96DE28AE88B90056617F /* AbsenteeVotingViewController.swift in Sources */,
				BA8311D228AD7F6A00B74B82 /* HowToVoteViewController.swift in Sources */,
				157E1F6528AD2D9B002D3E30 /* AppDelegate.swift in Sources */,
				157E1F6728AD2D9B002D3E30 /* SceneDelegate.swift in Sources */,
				BA8311D628ADCFDB00B74B82 /* RegistrationRequirementsViewController.swift in Sources */,
				BA8311D028AD7F5000B74B82 /* RegisterNowViewController.swift in Sources */,
				157E1F6F28AD2D9C002D3E30 /* voiceURvote.xcdatamodeld in Sources */,
				BA8311D428AD7F8100B74B82 /* UpcomingElectionsViewController.swift in Sources */,
			);
			runOnlyForDeploymentPostprocessing = 0;
		};
/* End PBXSourcesBuildPhase section */

/* Begin PBXVariantGroup section */
		157E1F6A28AD2D9C002D3E30 /* Main.storyboard */ = {
			isa = PBXVariantGroup;
			children = (
				157E1F6B28AD2D9C002D3E30 /* Base */,
			);
			name = Main.storyboard;
			sourceTree = "<group>";
		};
		157E1F7228AD2DDD002D3E30 /* LaunchScreen.storyboard */ = {
			isa = PBXVariantGroup;
			children = (
				157E1F7328AD2DDD002D3E30 /* Base */,
			);
			name = LaunchScreen.storyboard;
			sourceTree = "<group>";
		};
/* End PBXVariantGroup section */

/* Begin XCBuildConfiguration section */
		157E1F7628AD2DDD002D3E30 /* Debug */ = {
			isa = XCBuildConfiguration;
			buildSettings = {
				ALWAYS_SEARCH_USER_PATHS = NO;
				CLANG_ANALYZER_NONNULL = YES;
				CLANG_ANALYZER_NUMBER_OBJECT_CONVERSION = YES_AGGRESSIVE;
				CLANG_CXX_LANGUAGE_STANDARD = "gnu++14";
				CLANG_CXX_LIBRARY = "libc++";
				CLANG_ENABLE_MODULES = YES;
				CLANG_ENABLE_OBJC_ARC = YES;
				CLANG_ENABLE_OBJC_WEAK = YES;
				CLANG_WARN_BLOCK_CAPTURE_AUTORELEASING = YES;
				CLANG_WARN_BOOL_CONVERSION = YES;
				CLANG_WARN_COMMA = YES;
				CLANG_WARN_CONSTANT_CONVERSION = YES;
				CLANG_WARN_DEPRECATED_OBJC_IMPLEMENTATIONS = YES;
				CLANG_WARN_DIRECT_OBJC_ISA_USAGE = YES_ERROR;
				CLANG_WARN_DOCUMENTATION_COMMENTS = YES;
				CLANG_WARN_EMPTY_BODY = YES;
				CLANG_WARN_ENUM_CONVERSION = YES;
				CLANG_WARN_INFINITE_RECURSION = YES;
				CLANG_WARN_INT_CONVERSION = YES;
				CLANG_WARN_NON_LITERAL_NULL_CONVERSION = YES;
				CLANG_WARN_OBJC_IMPLICIT_RETAIN_SELF = YES;
				CLANG_WARN_OBJC_LITERAL_CONVERSION = YES;
				CLANG_WARN_OBJC_ROOT_CLASS = YES_ERROR;
				CLANG_WARN_QUOTED_INCLUDE_IN_FRAMEWORK_HEADER = YES;
				CLANG_WARN_RANGE_LOOP_ANALYSIS = YES;
				CLANG_WARN_STRICT_PROTOTYPES = YES;
				CLANG_WARN_SUSPICIOUS_MOVE = YES;
				CLANG_WARN_UNGUARDED_AVAILABILITY = YES_AGGRESSIVE;
				CLANG_WARN_UNREACHABLE_CODE = YES;
				CLANG_WARN__DUPLICATE_METHOD_MATCH = YES;
				COPY_PHASE_STRIP = NO;
				DEBUG_INFORMATION_FORMAT = dwarf;
				ENABLE_STRICT_OBJC_MSGSEND = YES;
				ENABLE_TESTABILITY = YES;
				GCC_C_LANGUAGE_STANDARD = gnu11;
				GCC_DYNAMIC_NO_PIC = NO;
				GCC_NO_COMMON_BLOCKS = YES;
				GCC_OPTIMIZATION_LEVEL = 0;
				GCC_PREPROCESSOR_DEFINITIONS = (
					"DEBUG=1",
					"$(inherited)",
				);
				GCC_WARN_64_TO_32_BIT_CONVERSION = YES;
				GCC_WARN_ABOUT_RETURN_TYPE = YES_ERROR;
				GCC_WARN_UNDECLARED_SELECTOR = YES;
				GCC_WARN_UNINITIALIZED_AUTOS = YES_AGGRESSIVE;
				GCC_WARN_UNUSED_FUNCTION = YES;
				GCC_WARN_UNUSED_VARIABLE = YES;
				IPHONEOS_DEPLOYMENT_TARGET = 14.4;
				MTL_ENABLE_DEBUG_INFO = INCLUDE_SOURCE;
				MTL_FAST_MATH = YES;
				ONLY_ACTIVE_ARCH = YES;
				SDKROOT = iphoneos;
				SWIFT_ACTIVE_COMPILATION_CONDITIONS = DEBUG;
				SWIFT_OPTIMIZATION_LEVEL = "-Onone";
			};
			name = Debug;
		};
		157E1F7728AD2DDD002D3E30 /* Release */ = {
			isa = XCBuildConfiguration;
			buildSettings = {
				ALWAYS_SEARCH_USER_PATHS = NO;
				CLANG_ANALYZER_NONNULL = YES;
				CLANG_ANALYZER_NUMBER_OBJECT_CONVERSION = YES_AGGRESSIVE;
				CLANG_CXX_LANGUAGE_STANDARD = "gnu++14";
				CLANG_CXX_LIBRARY = "libc++";
				CLANG_ENABLE_MODULES = YES;
				CLANG_ENABLE_OBJC_ARC = YES;
				CLANG_ENABLE_OBJC_WEAK = YES;
				CLANG_WARN_BLOCK_CAPTURE_AUTORELEASING = YES;
				CLANG_WARN_BOOL_CONVERSION = YES;
				CLANG_WARN_COMMA = YES;
				CLANG_WARN_CONSTANT_CONVERSION = YES;
				CLANG_WARN_DEPRECATED_OBJC_IMPLEMENTATIONS = YES;
				CLANG_WARN_DIRECT_OBJC_ISA_USAGE = YES_ERROR;
				CLANG_WARN_DOCUMENTATION_COMMENTS = YES;
				CLANG_WARN_EMPTY_BODY = YES;
				CLANG_WARN_ENUM_CONVERSION = YES;
				CLANG_WARN_INFINITE_RECURSION = YES;
				CLANG_WARN_INT_CONVERSION = YES;
				CLANG_WARN_NON_LITERAL_NULL_CONVERSION = YES;
				CLANG_WARN_OBJC_IMPLICIT_RETAIN_SELF = YES;
				CLANG_WARN_OBJC_LITERAL_CONVERSION = YES;
				CLANG_WARN_OBJC_ROOT_CLASS = YES_ERROR;
				CLANG_WARN_QUOTED_INCLUDE_IN_FRAMEWORK_HEADER = YES;
				CLANG_WARN_RANGE_LOOP_ANALYSIS = YES;
				CLANG_WARN_STRICT_PROTOTYPES = YES;
				CLANG_WARN_SUSPICIOUS_MOVE = YES;
				CLANG_WARN_UNGUARDED_AVAILABILITY = YES_AGGRESSIVE;
				CLANG_WARN_UNREACHABLE_CODE = YES;
				CLANG_WARN__DUPLICATE_METHOD_MATCH = YES;
				COPY_PHASE_STRIP = NO;
				DEBUG_INFORMATION_FORMAT = "dwarf-with-dsym";
				ENABLE_NS_ASSERTIONS = NO;
				ENABLE_STRICT_OBJC_MSGSEND = YES;
				GCC_C_LANGUAGE_STANDARD = gnu11;
				GCC_NO_COMMON_BLOCKS = YES;
				GCC_WARN_64_TO_32_BIT_CONVERSION = YES;
				GCC_WARN_ABOUT_RETURN_TYPE = YES_ERROR;
				GCC_WARN_UNDECLARED_SELECTOR = YES;
				GCC_WARN_UNINITIALIZED_AUTOS = YES_AGGRESSIVE;
				GCC_WARN_UNUSED_FUNCTION = YES;
				GCC_WARN_UNUSED_VARIABLE = YES;
				IPHONEOS_DEPLOYMENT_TARGET = 14.4;
				MTL_ENABLE_DEBUG_INFO = NO;
				MTL_FAST_MATH = YES;
				SDKROOT = iphoneos;
				SWIFT_COMPILATION_MODE = wholemodule;
				SWIFT_OPTIMIZATION_LEVEL = "-O";
				VALIDATE_PRODUCT = YES;
			};
			name = Release;
		};
		157E1F7928AD2DDD002D3E30 /* Debug */ = {
			isa = XCBuildConfiguration;
			buildSettings = {
				ASSETCATALOG_COMPILER_APPICON_NAME = AppIcon;
				ASSETCATALOG_COMPILER_GLOBAL_ACCENT_COLOR_NAME = AccentColor;
				CODE_SIGN_STYLE = Automatic;
				DEVELOPMENT_TEAM = 4JNQZZ3P2Z;
				INFOPLIST_FILE = voiceURvote/Info.plist;
				LD_RUNPATH_SEARCH_PATHS = (
					"$(inherited)",
					"@executable_path/Frameworks",
				);
				PRODUCT_BUNDLE_IDENTIFIER = finalProject.voiceURvote;
				PRODUCT_NAME = "$(TARGET_NAME)";
				SWIFT_VERSION = 5.0;
				TARGETED_DEVICE_FAMILY = "1,2";
			};
			name = Debug;
		};
		157E1F7A28AD2DDD002D3E30 /* Release */ = {
			isa = XCBuildConfiguration;
			buildSettings = {
				ASSETCATALOG_COMPILER_APPICON_NAME = AppIcon;
				ASSETCATALOG_COMPILER_GLOBAL_ACCENT_COLOR_NAME = AccentColor;
				CODE_SIGN_STYLE = Automatic;
				DEVELOPMENT_TEAM = 4JNQZZ3P2Z;
				INFOPLIST_FILE = voiceURvote/Info.plist;
				LD_RUNPATH_SEARCH_PATHS = (
					"$(inherited)",
					"@executable_path/Frameworks",
				);
				PRODUCT_BUNDLE_IDENTIFIER = finalProject.voiceURvote;
				PRODUCT_NAME = "$(TARGET_NAME)";
				SWIFT_VERSION = 5.0;
				TARGETED_DEVICE_FAMILY = "1,2";
			};
			name = Release;
		};
/* End XCBuildConfiguration section */

/* Begin XCConfigurationList section */
		157E1F5C28AD2D9B002D3E30 /* Build configuration list for PBXProject "voiceURvote" */ = {
			isa = XCConfigurationList;
			buildConfigurations = (
				157E1F7628AD2DDD002D3E30 /* Debug */,
				157E1F7728AD2DDD002D3E30 /* Release */,
			);
			defaultConfigurationIsVisible = 0;
			defaultConfigurationName = Release;
		};
		157E1F7828AD2DDD002D3E30 /* Build configuration list for PBXNativeTarget "voiceURvote" */ = {
			isa = XCConfigurationList;
			buildConfigurations = (
				157E1F7928AD2DDD002D3E30 /* Debug */,
				157E1F7A28AD2DDD002D3E30 /* Release */,
			);
			defaultConfigurationIsVisible = 0;
			defaultConfigurationName = Release;
		};
/* End XCConfigurationList section */

/* Begin XCVersionGroup section */
		157E1F6D28AD2D9C002D3E30 /* voiceURvote.xcdatamodeld */ = {
			isa = XCVersionGroup;
			children = (
				157E1F6E28AD2D9C002D3E30 /* voiceURvote.xcdatamodel */,
			);
			currentVersion = 157E1F6E28AD2D9C002D3E30 /* voiceURvote.xcdatamodel */;
			path = voiceURvote.xcdatamodeld;
			sourceTree = "<group>";
			versionGroupType = wrapper.xcdatamodel;
		};
/* End XCVersionGroup section */
	};
	rootObject = 157E1F5928AD2D99002D3E30 /* Project object */;
}
